
Microsoft Visual Studio Solution File, Format Version 12.00
# Visual Studio Version 17
VisualStudioVersion = 17.4.33205.214
MinimumVisualStudioVersion = 10.0.40219.1
Project("{FAE04EC0-301F-11D3-BF4B-00C04F79EFBC}") = "Book Shop", "Book Shop\Book Shop.csproj", "{DCB0FDDB-AE8B-4DA9-BB49-A280C7288CF8}"
EndProject
Global
	GlobalSection(SolutionConfigurationPlatforms) = preSolution
		Debug|Any CPU = Debug|Any CPU
		Release|Any CPU = Release|Any CPU
	EndGlobalSection
	GlobalSection(ProjectConfigurationPlatforms) = postSolution
		{DCB0FDDB-AE8B-4DA9-BB49-A280C7288CF8}.Debug|Any CPU.ActiveCfg = Debug|Any CPU
		{DCB0FDDB-AE8B-4DA9-BB49-A280C7288CF8}.Debug|Any CPU.Build.0 = Debug|Any CPU
		{DCB0FDDB-AE8B-4DA9-BB49-A280C7288CF8}.Release|Any CPU.ActiveCfg = Release|Any CPU
		{DCB0FDDB-AE8B-4DA9-BB49-A280C7288CF8}.Release|Any CPU.Build.0 = Release|Any CPU
	EndGlobalSection
	GlobalSection(SolutionProperties) = preSolution
		HideSolutionNode = FALSE
	EndGlobalSection
	GlobalSection(ExtensibilityGlobals) = postSolution
		SolutionGuid = {288313ED-CB91-46A8-A5F0-49386B36264E}
	EndGlobalSection
EndGlobal
